// !$*UTF8*$!
{
	archiveVersion = 1;
	classes = {
	};
	objectVersion = 56;
	objects = {

/* Begin PBXBuildFile section */
		F1C1AF55298BD8DF00F365DF /* Fazpass.framework in Frameworks */ = {isa = PBXBuildFile; fileRef = F1C1AF4B298BD8DF00F365DF /* Fazpass.framework */; };
		F1C1AF5A298BD8DF00F365DF /* FazpassTests.swift in Sources */ = {isa = PBXBuildFile; fileRef = F1C1AF59298BD8DF00F365DF /* FazpassTests.swift */; };
		F1C1B004298BEE9700F365DF /* Fazpass.podspec in Resources */ = {isa = PBXBuildFile; fileRef = F1C1B002298BEE9700F365DF /* Fazpass.podspec */; };
		F1CC419E29AC5F7400D49171 /* CarrierManager.swift in Sources */ = {isa = PBXBuildFile; fileRef = F1CC419829AC5F7400D49171 /* CarrierManager.swift */; };
		F1CC419F29AC5F7400D49171 /* ConnectionManager.swift in Sources */ = {isa = PBXBuildFile; fileRef = F1CC419929AC5F7400D49171 /* ConnectionManager.swift */; };
		F1CC41A029AC5F7400D49171 /* PushNotificationManager.swift in Sources */ = {isa = PBXBuildFile; fileRef = F1CC419A29AC5F7400D49171 /* PushNotificationManager.swift */; };
		F1CC41A129AC5F7400D49171 /* BiometryManager.swift in Sources */ = {isa = PBXBuildFile; fileRef = F1CC419B29AC5F7400D49171 /* BiometryManager.swift */; };
		F1CC41A229AC5F7400D49171 /* ContactManager.swift in Sources */ = {isa = PBXBuildFile; fileRef = F1CC419C29AC5F7400D49171 /* ContactManager.swift */; };
		F1CC41A329AC5F7400D49171 /* LocationManager.swift in Sources */ = {isa = PBXBuildFile; fileRef = F1CC419D29AC5F7400D49171 /* LocationManager.swift */; };
		F1CC41AA29AC607300D49171 /* Usecases.swift in Sources */ = {isa = PBXBuildFile; fileRef = F1CC41A629AC607300D49171 /* Usecases.swift */; };
		F1CC41AB29AC607300D49171 /* FazpassContext.swift in Sources */ = {isa = PBXBuildFile; fileRef = F1CC41A729AC607300D49171 /* FazpassContext.swift */; };
		F1CC41AC29AC607300D49171 /* Fazpass.swift in Sources */ = {isa = PBXBuildFile; fileRef = F1CC41A829AC607300D49171 /* Fazpass.swift */; };
		F1CC41AD29AC607300D49171 /* TrustedDevice.swift in Sources */ = {isa = PBXBuildFile; fileRef = F1CC41A929AC607300D49171 /* TrustedDevice.swift */; };
		F1CC41B429AC609E00D49171 /* NetworkService.swift in Sources */ = {isa = PBXBuildFile; fileRef = F1CC41AF29AC609E00D49171 /* NetworkService.swift */; };
		F1CC41B529AC609E00D49171 /* MicroservicePaths.swift in Sources */ = {isa = PBXBuildFile; fileRef = F1CC41B029AC609E00D49171 /* MicroservicePaths.swift */; };
		F1CC41B629AC609E00D49171 /* Services.swift in Sources */ = {isa = PBXBuildFile; fileRef = F1CC41B129AC609E00D49171 /* Services.swift */; };
		F1CC41B729AC609E00D49171 /* Requests.swift in Sources */ = {isa = PBXBuildFile; fileRef = F1CC41B229AC609E00D49171 /* Requests.swift */; };
		F1CC41B829AC609E00D49171 /* Responses.swift in Sources */ = {isa = PBXBuildFile; fileRef = F1CC41B329AC609E00D49171 /* Responses.swift */; };
		F1CC41C029AC60D900D49171 /* SwiftyJson.swift in Sources */ = {isa = PBXBuildFile; fileRef = F1CC41BA29AC60D900D49171 /* SwiftyJson.swift */; };
		F1CC41C129AC60D900D49171 /* Utilities.swift in Sources */ = {isa = PBXBuildFile; fileRef = F1CC41BB29AC60D900D49171 /* Utilities.swift */; };
		F1CC41C229AC60D900D49171 /* Extensions.swift in Sources */ = {isa = PBXBuildFile; fileRef = F1CC41BC29AC60D900D49171 /* Extensions.swift */; };
		F1CC41C329AC60D900D49171 /* Constant.swift in Sources */ = {isa = PBXBuildFile; fileRef = F1CC41BD29AC60D900D49171 /* Constant.swift */; };
		F1CC41C529AC60D900D49171 /* Parameters.swift in Sources */ = {isa = PBXBuildFile; fileRef = F1CC41BF29AC60D900D49171 /* Parameters.swift */; };
		F1CC41CB29AC611E00D49171 /* ErrorResponse.swift in Sources */ = {isa = PBXBuildFile; fileRef = F1CC41C929AC611E00D49171 /* ErrorResponse.swift */; };
		F1CC41CC29AC611E00D49171 /* User.swift in Sources */ = {isa = PBXBuildFile; fileRef = F1CC41CA29AC611E00D49171 /* User.swift */; };
		F1CC41D129AC619F00D49171 /* Device.swift in Sources */ = {isa = PBXBuildFile; fileRef = F1CC41D029AC619F00D49171 /* Device.swift */; };
		F1CC41D329AC61BE00D49171 /* Permission.swift in Sources */ = {isa = PBXBuildFile; fileRef = F1CC41D229AC61BE00D49171 /* Permission.swift */; };
		F1CC41D629AC61D600D49171 /* Reachability.swift in Sources */ = {isa = PBXBuildFile; fileRef = F1CC41D429AC61D600D49171 /* Reachability.swift */; };
		F1CC41D729AC61D600D49171 /* Reachability.h in Headers */ = {isa = PBXBuildFile; fileRef = F1CC41D529AC61D600D49171 /* Reachability.h */; };
		F1E0B111299B927E0029E743 /* FirebaseAnalytics in Frameworks */ = {isa = PBXBuildFile; productRef = F1E0B110299B927E0029E743 /* FirebaseAnalytics */; };
		F1E0B113299B927E0029E743 /* FirebaseMessaging in Frameworks */ = {isa = PBXBuildFile; productRef = F1E0B112299B927E0029E743 /* FirebaseMessaging */; };
/* End PBXBuildFile section */

/* Begin PBXContainerItemProxy section */
		F1C1AF56298BD8DF00F365DF /* PBXContainerItemProxy */ = {
			isa = PBXContainerItemProxy;
			containerPortal = F1C1AF27298BD8C300F365DF /* Project object */;
			proxyType = 1;
			remoteGlobalIDString = F1C1AF4A298BD8DF00F365DF;
			remoteInfo = Fazpass;
		};
/* End PBXContainerItemProxy section */

/* Begin PBXFileReference section */
		F1C1AF4B298BD8DF00F365DF /* Fazpass.framework */ = {isa = PBXFileReference; explicitFileType = wrapper.framework; includeInIndex = 0; path = Fazpass.framework; sourceTree = BUILT_PRODUCTS_DIR; };
		F1C1AF54298BD8DF00F365DF /* FazpassTests.xctest */ = {isa = PBXFileReference; explicitFileType = wrapper.cfbundle; includeInIndex = 0; path = FazpassTests.xctest; sourceTree = BUILT_PRODUCTS_DIR; };
		F1C1AF59298BD8DF00F365DF /* FazpassTests.swift */ = {isa = PBXFileReference; lastKnownFileType = sourcecode.swift; path = FazpassTests.swift; sourceTree = "<group>"; };
		F1C1B002298BEE9700F365DF /* Fazpass.podspec */ = {isa = PBXFileReference; lastKnownFileType = text; path = Fazpass.podspec; sourceTree = SOURCE_ROOT; };
		F1C1B003298BEE9700F365DF /* Package.swift */ = {isa = PBXFileReference; fileEncoding = 4; lastKnownFileType = sourcecode.swift; path = Package.swift; sourceTree = SOURCE_ROOT; };
		F1CC419829AC5F7400D49171 /* CarrierManager.swift */ = {isa = PBXFileReference; fileEncoding = 4; lastKnownFileType = sourcecode.swift; name = CarrierManager.swift; path = Sources/CarrierManager.swift; sourceTree = "<group>"; };
		F1CC419929AC5F7400D49171 /* ConnectionManager.swift */ = {isa = PBXFileReference; fileEncoding = 4; lastKnownFileType = sourcecode.swift; name = ConnectionManager.swift; path = Sources/ConnectionManager.swift; sourceTree = "<group>"; };
		F1CC419A29AC5F7400D49171 /* PushNotificationManager.swift */ = {isa = PBXFileReference; fileEncoding = 4; lastKnownFileType = sourcecode.swift; name = PushNotificationManager.swift; path = Sources/PushNotificationManager.swift; sourceTree = "<group>"; };
		F1CC419B29AC5F7400D49171 /* BiometryManager.swift */ = {isa = PBXFileReference; fileEncoding = 4; lastKnownFileType = sourcecode.swift; name = BiometryManager.swift; path = Sources/BiometryManager.swift; sourceTree = "<group>"; };
		F1CC419C29AC5F7400D49171 /* ContactManager.swift */ = {isa = PBXFileReference; fileEncoding = 4; lastKnownFileType = sourcecode.swift; name = ContactManager.swift; path = Sources/ContactManager.swift; sourceTree = "<group>"; };
		F1CC419D29AC5F7400D49171 /* LocationManager.swift */ = {isa = PBXFileReference; fileEncoding = 4; lastKnownFileType = sourcecode.swift; name = LocationManager.swift; path = Sources/LocationManager.swift; sourceTree = "<group>"; };
		F1CC41A629AC607300D49171 /* Usecases.swift */ = {isa = PBXFileReference; fileEncoding = 4; lastKnownFileType = sourcecode.swift; name = Usecases.swift; path = Sources/Usecases.swift; sourceTree = "<group>"; };
		F1CC41A729AC607300D49171 /* FazpassContext.swift */ = {isa = PBXFileReference; fileEncoding = 4; lastKnownFileType = sourcecode.swift; name = FazpassContext.swift; path = Sources/FazpassContext.swift; sourceTree = "<group>"; };
		F1CC41A829AC607300D49171 /* Fazpass.swift */ = {isa = PBXFileReference; fileEncoding = 4; lastKnownFileType = sourcecode.swift; name = Fazpass.swift; path = Sources/Fazpass.swift; sourceTree = "<group>"; };
		F1CC41A929AC607300D49171 /* TrustedDevice.swift */ = {isa = PBXFileReference; fileEncoding = 4; lastKnownFileType = sourcecode.swift; name = TrustedDevice.swift; path = Sources/TrustedDevice.swift; sourceTree = "<group>"; };
		F1CC41AF29AC609E00D49171 /* NetworkService.swift */ = {isa = PBXFileReference; fileEncoding = 4; lastKnownFileType = sourcecode.swift; name = NetworkService.swift; path = Sources/NetworkService.swift; sourceTree = "<group>"; };
		F1CC41B029AC609E00D49171 /* MicroservicePaths.swift */ = {isa = PBXFileReference; fileEncoding = 4; lastKnownFileType = sourcecode.swift; name = MicroservicePaths.swift; path = Sources/MicroservicePaths.swift; sourceTree = "<group>"; };
		F1CC41B129AC609E00D49171 /* Services.swift */ = {isa = PBXFileReference; fileEncoding = 4; lastKnownFileType = sourcecode.swift; name = Services.swift; path = Sources/Services.swift; sourceTree = "<group>"; };
		F1CC41B229AC609E00D49171 /* Requests.swift */ = {isa = PBXFileReference; fileEncoding = 4; lastKnownFileType = sourcecode.swift; name = Requests.swift; path = Sources/Requests.swift; sourceTree = "<group>"; };
		F1CC41B329AC609E00D49171 /* Responses.swift */ = {isa = PBXFileReference; fileEncoding = 4; lastKnownFileType = sourcecode.swift; name = Responses.swift; path = Sources/Responses.swift; sourceTree = "<group>"; };
		F1CC41BA29AC60D900D49171 /* SwiftyJson.swift */ = {isa = PBXFileReference; fileEncoding = 4; lastKnownFileType = sourcecode.swift; name = SwiftyJson.swift; path = Sources/SwiftyJson.swift; sourceTree = "<group>"; };
		F1CC41BB29AC60D900D49171 /* Utilities.swift */ = {isa = PBXFileReference; fileEncoding = 4; lastKnownFileType = sourcecode.swift; name = Utilities.swift; path = Sources/Utilities.swift; sourceTree = "<group>"; };
		F1CC41BC29AC60D900D49171 /* Extensions.swift */ = {isa = PBXFileReference; fileEncoding = 4; lastKnownFileType = sourcecode.swift; name = Extensions.swift; path = Sources/Extensions.swift; sourceTree = "<group>"; };
		F1CC41BD29AC60D900D49171 /* Constant.swift */ = {isa = PBXFileReference; fileEncoding = 4; lastKnownFileType = sourcecode.swift; name = Constant.swift; path = Sources/Constant.swift; sourceTree = "<group>"; };
		F1CC41BF29AC60D900D49171 /* Parameters.swift */ = {isa = PBXFileReference; fileEncoding = 4; lastKnownFileType = sourcecode.swift; name = Parameters.swift; path = Sources/Parameters.swift; sourceTree = "<group>"; };
		F1CC41C929AC611E00D49171 /* ErrorResponse.swift */ = {isa = PBXFileReference; fileEncoding = 4; lastKnownFileType = sourcecode.swift; name = ErrorResponse.swift; path = Sources/ErrorResponse.swift; sourceTree = "<group>"; };
		F1CC41CA29AC611E00D49171 /* User.swift */ = {isa = PBXFileReference; fileEncoding = 4; lastKnownFileType = sourcecode.swift; name = User.swift; path = Sources/User.swift; sourceTree = "<group>"; };
		F1CC41D029AC619F00D49171 /* Device.swift */ = {isa = PBXFileReference; fileEncoding = 4; lastKnownFileType = sourcecode.swift; name = Device.swift; path = Sources/Device.swift; sourceTree = "<group>"; };
		F1CC41D229AC61BE00D49171 /* Permission.swift */ = {isa = PBXFileReference; fileEncoding = 4; lastKnownFileType = sourcecode.swift; name = Permission.swift; path = Sources/Permission.swift; sourceTree = "<group>"; };
		F1CC41D429AC61D600D49171 /* Reachability.swift */ = {isa = PBXFileReference; fileEncoding = 4; lastKnownFileType = sourcecode.swift; name = Reachability.swift; path = Sources/Reachability.swift; sourceTree = "<group>"; };
		F1CC41D529AC61D600D49171 /* Reachability.h */ = {isa = PBXFileReference; fileEncoding = 4; lastKnownFileType = sourcecode.c.h; name = Reachability.h; path = Sources/Reachability.h; sourceTree = "<group>"; };
/* End PBXFileReference section */

/* Begin PBXFrameworksBuildPhase section */
		F1C1AF48298BD8DF00F365DF /* Frameworks */ = {
			isa = PBXFrameworksBuildPhase;
			buildActionMask = 2147483647;
			files = (
				F1E0B113299B927E0029E743 /* FirebaseMessaging in Frameworks */,
				F1E0B111299B927E0029E743 /* FirebaseAnalytics in Frameworks */,
			);
			runOnlyForDeploymentPostprocessing = 0;
		};
		F1C1AF51298BD8DF00F365DF /* Frameworks */ = {
			isa = PBXFrameworksBuildPhase;
			buildActionMask = 2147483647;
			files = (
				F1C1AF55298BD8DF00F365DF /* Fazpass.framework in Frameworks */,
			);
			runOnlyForDeploymentPostprocessing = 0;
		};
/* End PBXFrameworksBuildPhase section */

/* Begin PBXGroup section */
		F1C1AF26298BD8C300F365DF = {
			isa = PBXGroup;
			children = (
				F1C1AF4C298BD8DF00F365DF /* Fazpass */,
				F1C1AF58298BD8DF00F365DF /* FazpassTests */,
				F1C1AF30298BD8C300F365DF /* Products */,
			);
			sourceTree = "<group>";
		};
		F1C1AF30298BD8C300F365DF /* Products */ = {
			isa = PBXGroup;
			children = (
				F1C1AF4B298BD8DF00F365DF /* Fazpass.framework */,
				F1C1AF54298BD8DF00F365DF /* FazpassTests.xctest */,
			);
			name = Products;
			sourceTree = "<group>";
		};
		F1C1AF4C298BD8DF00F365DF /* Fazpass */ = {
			isa = PBXGroup;
			children = (
				F1CC41CF29AC617200D49171 /* Device */,
				F1CC41C829AC610700D49171 /* Model */,
				F1CC41B929AC60AC00D49171 /* Utilities */,
				F1CC41AE29AC607800D49171 /* Network */,
				F1CC41A529AC604D00D49171 /* Core */,
				F1CC419729AC5F5800D49171 /* Manager */,
				F1C1B001298BEE7000F365DF /* Deployment */,
			);
			path = Fazpass;
			sourceTree = "<group>";
		};
		F1C1AF58298BD8DF00F365DF /* FazpassTests */ = {
			isa = PBXGroup;
			children = (
				F1C1AF59298BD8DF00F365DF /* FazpassTests.swift */,
			);
			path = FazpassTests;
			sourceTree = "<group>";
		};
		F1C1B001298BEE7000F365DF /* Deployment */ = {
			isa = PBXGroup;
			children = (
				F1C1B002298BEE9700F365DF /* Fazpass.podspec */,
				F1C1B003298BEE9700F365DF /* Package.swift */,
			);
			name = Deployment;
			sourceTree = "<group>";
		};
		F1CC419729AC5F5800D49171 /* Manager */ = {
			isa = PBXGroup;
			children = (
				F1CC41D529AC61D600D49171 /* Reachability.h */,
				F1CC41D429AC61D600D49171 /* Reachability.swift */,
				F1CC419B29AC5F7400D49171 /* BiometryManager.swift */,
				F1CC419829AC5F7400D49171 /* CarrierManager.swift */,
				F1CC419929AC5F7400D49171 /* ConnectionManager.swift */,
				F1CC419C29AC5F7400D49171 /* ContactManager.swift */,
				F1CC419D29AC5F7400D49171 /* LocationManager.swift */,
				F1CC419A29AC5F7400D49171 /* PushNotificationManager.swift */,
			);
			name = Manager;
			sourceTree = "<group>";
		};
		F1CC41A529AC604D00D49171 /* Core */ = {
			isa = PBXGroup;
			children = (
				F1CC41A829AC607300D49171 /* Fazpass.swift */,
				F1CC41A729AC607300D49171 /* FazpassContext.swift */,
				F1CC41A929AC607300D49171 /* TrustedDevice.swift */,
				F1CC41A629AC607300D49171 /* Usecases.swift */,
			);
			name = Core;
			sourceTree = "<group>";
		};
		F1CC41AE29AC607800D49171 /* Network */ = {
			isa = PBXGroup;
			children = (
				F1CC41B029AC609E00D49171 /* MicroservicePaths.swift */,
				F1CC41AF29AC609E00D49171 /* NetworkService.swift */,
				F1CC41B229AC609E00D49171 /* Requests.swift */,
				F1CC41B329AC609E00D49171 /* Responses.swift */,
				F1CC41B129AC609E00D49171 /* Services.swift */,
			);
			name = Network;
			sourceTree = "<group>";
		};
		F1CC41B929AC60AC00D49171 /* Utilities */ = {
			isa = PBXGroup;
			children = (
				F1CC41BD29AC60D900D49171 /* Constant.swift */,
				F1CC41BC29AC60D900D49171 /* Extensions.swift */,
				F1CC41BF29AC60D900D49171 /* Parameters.swift */,
				F1CC41BA29AC60D900D49171 /* SwiftyJson.swift */,
				F1CC41BB29AC60D900D49171 /* Utilities.swift */,
			);
			name = Utilities;
			sourceTree = "<group>";
		};
		F1CC41C829AC610700D49171 /* Model */ = {
			isa = PBXGroup;
			children = (
				F1CC41C929AC611E00D49171 /* ErrorResponse.swift */,
				F1CC41CA29AC611E00D49171 /* User.swift */,
			);
			name = Model;
			sourceTree = "<group>";
		};
		F1CC41CF29AC617200D49171 /* Device */ = {
			isa = PBXGroup;
			children = (
				F1CC41D229AC61BE00D49171 /* Permission.swift */,
				F1CC41D029AC619F00D49171 /* Device.swift */,
			);
			name = Device;
			sourceTree = "<group>";
		};
/* End PBXGroup section */

/* Begin PBXHeadersBuildPhase section */
		F1C1AF46298BD8DF00F365DF /* Headers */ = {
			isa = PBXHeadersBuildPhase;
			buildActionMask = 2147483647;
			files = (
				F1CC41D729AC61D600D49171 /* Reachability.h in Headers */,
			);
			runOnlyForDeploymentPostprocessing = 0;
		};
/* End PBXHeadersBuildPhase section */

/* Begin PBXNativeTarget section */
		F1C1AF4A298BD8DF00F365DF /* Fazpass */ = {
			isa = PBXNativeTarget;
			buildConfigurationList = F1C1AF5C298BD8DF00F365DF /* Build configuration list for PBXNativeTarget "Fazpass" */;
			buildPhases = (
				F1C1AF46298BD8DF00F365DF /* Headers */,
				F1C1AF47298BD8DF00F365DF /* Sources */,
				F1C1AF48298BD8DF00F365DF /* Frameworks */,
				F1C1AF49298BD8DF00F365DF /* Resources */,
			);
			buildRules = (
			);
			dependencies = (
			);
			name = Fazpass;
			packageProductDependencies = (
				F1E0B110299B927E0029E743 /* FirebaseAnalytics */,
				F1E0B112299B927E0029E743 /* FirebaseMessaging */,
			);
			productName = Fazpass;
			productReference = F1C1AF4B298BD8DF00F365DF /* Fazpass.framework */;
			productType = "com.apple.product-type.framework";
		};
		F1C1AF53298BD8DF00F365DF /* FazpassTests */ = {
			isa = PBXNativeTarget;
			buildConfigurationList = F1C1AF5F298BD8DF00F365DF /* Build configuration list for PBXNativeTarget "FazpassTests" */;
			buildPhases = (
				F1C1AF50298BD8DF00F365DF /* Sources */,
				F1C1AF51298BD8DF00F365DF /* Frameworks */,
				F1C1AF52298BD8DF00F365DF /* Resources */,
			);
			buildRules = (
			);
			dependencies = (
				F1C1AF57298BD8DF00F365DF /* PBXTargetDependency */,
			);
			name = FazpassTests;
			productName = FazpassTests;
			productReference = F1C1AF54298BD8DF00F365DF /* FazpassTests.xctest */;
			productType = "com.apple.product-type.bundle.unit-test";
		};
/* End PBXNativeTarget section */

/* Begin PBXProject section */
		F1C1AF27298BD8C300F365DF /* Project object */ = {
			isa = PBXProject;
			attributes = {
				BuildIndependentTargetsInParallel = 1;
				LastSwiftUpdateCheck = 1420;
				LastUpgradeCheck = 1420;
				TargetAttributes = {
					F1C1AF4A298BD8DF00F365DF = {
						CreatedOnToolsVersion = 14.2;
						LastSwiftMigration = 1420;
					};
					F1C1AF53298BD8DF00F365DF = {
						CreatedOnToolsVersion = 14.2;
					};
				};
			};
			buildConfigurationList = F1C1AF2A298BD8C300F365DF /* Build configuration list for PBXProject "Fazpass" */;
			compatibilityVersion = "Xcode 14.0";
			developmentRegion = en;
			hasScannedForEncodings = 0;
			knownRegions = (
				en,
				Base,
			);
			mainGroup = F1C1AF26298BD8C300F365DF;
			packageReferences = (
				F1E0B10F299B927E0029E743 /* XCRemoteSwiftPackageReference "firebase-ios-sdk" */,
			);
			productRefGroup = F1C1AF30298BD8C300F365DF /* Products */;
			projectDirPath = "";
			projectRoot = "";
			targets = (
				F1C1AF4A298BD8DF00F365DF /* Fazpass */,
				F1C1AF53298BD8DF00F365DF /* FazpassTests */,
			);
		};
/* End PBXProject section */

/* Begin PBXResourcesBuildPhase section */
		F1C1AF49298BD8DF00F365DF /* Resources */ = {
			isa = PBXResourcesBuildPhase;
			buildActionMask = 2147483647;
			files = (
				F1C1B004298BEE9700F365DF /* Fazpass.podspec in Resources */,
			);
			runOnlyForDeploymentPostprocessing = 0;
		};
		F1C1AF52298BD8DF00F365DF /* Resources */ = {
			isa = PBXResourcesBuildPhase;
			buildActionMask = 2147483647;
			files = (
			);
			runOnlyForDeploymentPostprocessing = 0;
		};
/* End PBXResourcesBuildPhase section */

/* Begin PBXSourcesBuildPhase section */
		F1C1AF47298BD8DF00F365DF /* Sources */ = {
			isa = PBXSourcesBuildPhase;
			buildActionMask = 2147483647;
			files = (
				F1CC41B829AC609E00D49171 /* Responses.swift in Sources */,
				F1CC41C229AC60D900D49171 /* Extensions.swift in Sources */,
				F1CC41B629AC609E00D49171 /* Services.swift in Sources */,
				F1CC41B429AC609E00D49171 /* NetworkService.swift in Sources */,
				F1CC41D329AC61BE00D49171 /* Permission.swift in Sources */,
				F1CC41A229AC5F7400D49171 /* ContactManager.swift in Sources */,
				F1CC41A029AC5F7400D49171 /* PushNotificationManager.swift in Sources */,
				F1CC41A329AC5F7400D49171 /* LocationManager.swift in Sources */,
				F1CC41B729AC609E00D49171 /* Requests.swift in Sources */,
				F1CC41C529AC60D900D49171 /* Parameters.swift in Sources */,
				F1CC41C329AC60D900D49171 /* Constant.swift in Sources */,
				F1CC41AC29AC607300D49171 /* Fazpass.swift in Sources */,
				F1CC41D629AC61D600D49171 /* Reachability.swift in Sources */,
				F1CC41B529AC609E00D49171 /* MicroservicePaths.swift in Sources */,
				F1CC419E29AC5F7400D49171 /* CarrierManager.swift in Sources */,
				F1CC41C129AC60D900D49171 /* Utilities.swift in Sources */,
				F1CC41AB29AC607300D49171 /* FazpassContext.swift in Sources */,
				F1CC41D129AC619F00D49171 /* Device.swift in Sources */,
				F1CC41C029AC60D900D49171 /* SwiftyJson.swift in Sources */,
				F1CC41AA29AC607300D49171 /* Usecases.swift in Sources */,
				F1CC41AD29AC607300D49171 /* TrustedDevice.swift in Sources */,
				F1CC41A129AC5F7400D49171 /* BiometryManager.swift in Sources */,
				F1CC41CB29AC611E00D49171 /* ErrorResponse.swift in Sources */,
				F1CC419F29AC5F7400D49171 /* ConnectionManager.swift in Sources */,
				F1CC41CC29AC611E00D49171 /* User.swift in Sources */,
			);
			runOnlyForDeploymentPostprocessing = 0;
		};
		F1C1AF50298BD8DF00F365DF /* Sources */ = {
			isa = PBXSourcesBuildPhase;
			buildActionMask = 2147483647;
			files = (
				F1C1AF5A298BD8DF00F365DF /* FazpassTests.swift in Sources */,
			);
			runOnlyForDeploymentPostprocessing = 0;
		};
/* End PBXSourcesBuildPhase section */

/* Begin PBXTargetDependency section */
		F1C1AF57298BD8DF00F365DF /* PBXTargetDependency */ = {
			isa = PBXTargetDependency;
			target = F1C1AF4A298BD8DF00F365DF /* Fazpass */;
			targetProxy = F1C1AF56298BD8DF00F365DF /* PBXContainerItemProxy */;
		};
/* End PBXTargetDependency section */

/* Begin XCBuildConfiguration section */
		F1C1AF41298BD8C400F365DF /* Debug */ = {
			isa = XCBuildConfiguration;
			buildSettings = {
				ALWAYS_SEARCH_USER_PATHS = NO;
				CLANG_ANALYZER_NONNULL = YES;
				CLANG_ANALYZER_NUMBER_OBJECT_CONVERSION = YES_AGGRESSIVE;
				CLANG_CXX_LANGUAGE_STANDARD = "gnu++20";
				CLANG_ENABLE_MODULES = YES;
				CLANG_ENABLE_OBJC_ARC = YES;
				CLANG_ENABLE_OBJC_WEAK = YES;
				CLANG_WARN_BLOCK_CAPTURE_AUTORELEASING = YES;
				CLANG_WARN_BOOL_CONVERSION = YES;
				CLANG_WARN_COMMA = YES;
				CLANG_WARN_CONSTANT_CONVERSION = YES;
				CLANG_WARN_DEPRECATED_OBJC_IMPLEMENTATIONS = YES;
				CLANG_WARN_DIRECT_OBJC_ISA_USAGE = YES_ERROR;
				CLANG_WARN_DOCUMENTATION_COMMENTS = YES;
				CLANG_WARN_EMPTY_BODY = YES;
				CLANG_WARN_ENUM_CONVERSION = YES;
				CLANG_WARN_INFINITE_RECURSION = YES;
				CLANG_WARN_INT_CONVERSION = YES;
				CLANG_WARN_NON_LITERAL_NULL_CONVERSION = YES;
				CLANG_WARN_OBJC_IMPLICIT_RETAIN_SELF = YES;
				CLANG_WARN_OBJC_LITERAL_CONVERSION = YES;
				CLANG_WARN_OBJC_ROOT_CLASS = YES_ERROR;
				CLANG_WARN_QUOTED_INCLUDE_IN_FRAMEWORK_HEADER = YES;
				CLANG_WARN_RANGE_LOOP_ANALYSIS = YES;
				CLANG_WARN_STRICT_PROTOTYPES = YES;
				CLANG_WARN_SUSPICIOUS_MOVE = YES;
				CLANG_WARN_UNGUARDED_AVAILABILITY = YES_AGGRESSIVE;
				CLANG_WARN_UNREACHABLE_CODE = YES;
				CLANG_WARN__DUPLICATE_METHOD_MATCH = YES;
				COPY_PHASE_STRIP = NO;
				DEBUG_INFORMATION_FORMAT = dwarf;
				ENABLE_STRICT_OBJC_MSGSEND = YES;
				ENABLE_TESTABILITY = YES;
				GCC_C_LANGUAGE_STANDARD = gnu11;
				GCC_DYNAMIC_NO_PIC = NO;
				GCC_NO_COMMON_BLOCKS = YES;
				GCC_OPTIMIZATION_LEVEL = 0;
				GCC_PREPROCESSOR_DEFINITIONS = (
					"DEBUG=1",
					"$(inherited)",
				);
				GCC_WARN_64_TO_32_BIT_CONVERSION = YES;
				GCC_WARN_ABOUT_RETURN_TYPE = YES_ERROR;
				GCC_WARN_UNDECLARED_SELECTOR = YES;
				GCC_WARN_UNINITIALIZED_AUTOS = YES_AGGRESSIVE;
				GCC_WARN_UNUSED_FUNCTION = YES;
				GCC_WARN_UNUSED_VARIABLE = YES;
				IPHONEOS_DEPLOYMENT_TARGET = 16.2;
				MTL_ENABLE_DEBUG_INFO = INCLUDE_SOURCE;
				MTL_FAST_MATH = YES;
				ONLY_ACTIVE_ARCH = YES;
				SDKROOT = iphoneos;
				SWIFT_ACTIVE_COMPILATION_CONDITIONS = DEBUG;
				SWIFT_OPTIMIZATION_LEVEL = "-Onone";
			};
			name = Debug;
		};
		F1C1AF42298BD8C400F365DF /* Release */ = {
			isa = XCBuildConfiguration;
			buildSettings = {
				ALWAYS_SEARCH_USER_PATHS = NO;
				CLANG_ANALYZER_NONNULL = YES;
				CLANG_ANALYZER_NUMBER_OBJECT_CONVERSION = YES_AGGRESSIVE;
				CLANG_CXX_LANGUAGE_STANDARD = "gnu++20";
				CLANG_ENABLE_MODULES = YES;
				CLANG_ENABLE_OBJC_ARC = YES;
				CLANG_ENABLE_OBJC_WEAK = YES;
				CLANG_WARN_BLOCK_CAPTURE_AUTORELEASING = YES;
				CLANG_WARN_BOOL_CONVERSION = YES;
				CLANG_WARN_COMMA = YES;
				CLANG_WARN_CONSTANT_CONVERSION = YES;
				CLANG_WARN_DEPRECATED_OBJC_IMPLEMENTATIONS = YES;
				CLANG_WARN_DIRECT_OBJC_ISA_USAGE = YES_ERROR;
				CLANG_WARN_DOCUMENTATION_COMMENTS = YES;
				CLANG_WARN_EMPTY_BODY = YES;
				CLANG_WARN_ENUM_CONVERSION = YES;
				CLANG_WARN_INFINITE_RECURSION = YES;
				CLANG_WARN_INT_CONVERSION = YES;
				CLANG_WARN_NON_LITERAL_NULL_CONVERSION = YES;
				CLANG_WARN_OBJC_IMPLICIT_RETAIN_SELF = YES;
				CLANG_WARN_OBJC_LITERAL_CONVERSION = YES;
				CLANG_WARN_OBJC_ROOT_CLASS = YES_ERROR;
				CLANG_WARN_QUOTED_INCLUDE_IN_FRAMEWORK_HEADER = YES;
				CLANG_WARN_RANGE_LOOP_ANALYSIS = YES;
				CLANG_WARN_STRICT_PROTOTYPES = YES;
				CLANG_WARN_SUSPICIOUS_MOVE = YES;
				CLANG_WARN_UNGUARDED_AVAILABILITY = YES_AGGRESSIVE;
				CLANG_WARN_UNREACHABLE_CODE = YES;
				CLANG_WARN__DUPLICATE_METHOD_MATCH = YES;
				COPY_PHASE_STRIP = NO;
				DEBUG_INFORMATION_FORMAT = "dwarf-with-dsym";
				ENABLE_NS_ASSERTIONS = NO;
				ENABLE_STRICT_OBJC_MSGSEND = YES;
				GCC_C_LANGUAGE_STANDARD = gnu11;
				GCC_NO_COMMON_BLOCKS = YES;
				GCC_WARN_64_TO_32_BIT_CONVERSION = YES;
				GCC_WARN_ABOUT_RETURN_TYPE = YES_ERROR;
				GCC_WARN_UNDECLARED_SELECTOR = YES;
				GCC_WARN_UNINITIALIZED_AUTOS = YES_AGGRESSIVE;
				GCC_WARN_UNUSED_FUNCTION = YES;
				GCC_WARN_UNUSED_VARIABLE = YES;
				IPHONEOS_DEPLOYMENT_TARGET = 16.2;
				MTL_ENABLE_DEBUG_INFO = NO;
				MTL_FAST_MATH = YES;
				SDKROOT = iphoneos;
				SWIFT_COMPILATION_MODE = wholemodule;
				SWIFT_OPTIMIZATION_LEVEL = "-O";
				VALIDATE_PRODUCT = YES;
			};
			name = Release;
		};
		F1C1AF5D298BD8DF00F365DF /* Debug */ = {
			isa = XCBuildConfiguration;
			buildSettings = {
				CLANG_ENABLE_MODULES = YES;
				CODE_SIGN_IDENTITY = "Apple Development";
				CODE_SIGN_STYLE = Automatic;
				CURRENT_PROJECT_VERSION = 1;
				DEFINES_MODULE = YES;
				DEVELOPMENT_TEAM = 2U23Q8JY8R;
				DYLIB_COMPATIBILITY_VERSION = 1;
				DYLIB_CURRENT_VERSION = 1;
				DYLIB_INSTALL_NAME_BASE = "@rpath";
				GENERATE_INFOPLIST_FILE = YES;
				INFOPLIST_KEY_NSHumanReadableCopyright = "";
				INSTALL_PATH = "$(LOCAL_LIBRARY_DIR)/Frameworks";
				IPHONEOS_DEPLOYMENT_TARGET = 15.6;
				LD_RUNPATH_SEARCH_PATHS = (
					"$(inherited)",
					"@executable_path/Frameworks",
					"@loader_path/Frameworks",
				);
				MARKETING_VERSION = 1.0;
				PRODUCT_BUNDLE_IDENTIFIER = com.personal.Fazpass;
				PRODUCT_NAME = "$(TARGET_NAME:c99extidentifier)";
				PROVISIONING_PROFILE_SPECIFIER = "";
				SKIP_INSTALL = YES;
				SUPPORTED_PLATFORMS = "iphoneos iphonesimulator";
				SUPPORTS_MACCATALYST = NO;
				SUPPORTS_MAC_DESIGNED_FOR_IPHONE_IPAD = NO;
				SWIFT_EMIT_LOC_STRINGS = YES;
				SWIFT_OPTIMIZATION_LEVEL = "-Onone";
				SWIFT_VERSION = 5.0;
				TARGETED_DEVICE_FAMILY = "1,2";
				VERSIONING_SYSTEM = "apple-generic";
				VERSION_INFO_PREFIX = "";
			};
			name = Debug;
		};
		F1C1AF5E298BD8DF00F365DF /* Release */ = {
			isa = XCBuildConfiguration;
			buildSettings = {
				CLANG_ENABLE_MODULES = YES;
				CODE_SIGN_IDENTITY = "Apple Development";
				CODE_SIGN_STYLE = Automatic;
				CURRENT_PROJECT_VERSION = 1;
				DEFINES_MODULE = YES;
				DEVELOPMENT_TEAM = 2U23Q8JY8R;
				DYLIB_COMPATIBILITY_VERSION = 1;
				DYLIB_CURRENT_VERSION = 1;
				DYLIB_INSTALL_NAME_BASE = "@rpath";
				GENERATE_INFOPLIST_FILE = YES;
				INFOPLIST_KEY_NSHumanReadableCopyright = "";
				INSTALL_PATH = "$(LOCAL_LIBRARY_DIR)/Frameworks";
				IPHONEOS_DEPLOYMENT_TARGET = 15.6;
				LD_RUNPATH_SEARCH_PATHS = (
					"$(inherited)",
					"@executable_path/Frameworks",
					"@loader_path/Frameworks",
				);
				MARKETING_VERSION = 1.0;
				PRODUCT_BUNDLE_IDENTIFIER = com.personal.Fazpass;
				PRODUCT_NAME = "$(TARGET_NAME:c99extidentifier)";
				PROVISIONING_PROFILE_SPECIFIER = "";
				SKIP_INSTALL = YES;
				SUPPORTED_PLATFORMS = "iphoneos iphonesimulator";
				SUPPORTS_MACCATALYST = NO;
				SUPPORTS_MAC_DESIGNED_FOR_IPHONE_IPAD = NO;
				SWIFT_EMIT_LOC_STRINGS = YES;
				SWIFT_VERSION = 5.0;
				TARGETED_DEVICE_FAMILY = "1,2";
				VERSIONING_SYSTEM = "apple-generic";
				VERSION_INFO_PREFIX = "";
			};
			name = Release;
		};
		F1C1AF60298BD8DF00F365DF /* Debug */ = {
			isa = XCBuildConfiguration;
			buildSettings = {
				ALWAYS_EMBED_SWIFT_STANDARD_LIBRARIES = YES;
				CODE_SIGN_STYLE = Automatic;
				CURRENT_PROJECT_VERSION = 1;
				DEVELOPMENT_TEAM = 2U23Q8JY8R;
				GENERATE_INFOPLIST_FILE = YES;
				MARKETING_VERSION = 1.0;
				PRODUCT_BUNDLE_IDENTIFIER = com.personal.FazpassTests;
				PRODUCT_NAME = "$(TARGET_NAME)";
				SWIFT_EMIT_LOC_STRINGS = NO;
				SWIFT_VERSION = 5.0;
				TARGETED_DEVICE_FAMILY = "1,2";
			};
			name = Debug;
		};
		F1C1AF61298BD8DF00F365DF /* Release */ = {
			isa = XCBuildConfiguration;
			buildSettings = {
				ALWAYS_EMBED_SWIFT_STANDARD_LIBRARIES = YES;
				CODE_SIGN_STYLE = Automatic;
				CURRENT_PROJECT_VERSION = 1;
				DEVELOPMENT_TEAM = 2U23Q8JY8R;
				GENERATE_INFOPLIST_FILE = YES;
				MARKETING_VERSION = 1.0;
				PRODUCT_BUNDLE_IDENTIFIER = com.personal.FazpassTests;
				PRODUCT_NAME = "$(TARGET_NAME)";
				SWIFT_EMIT_LOC_STRINGS = NO;
				SWIFT_VERSION = 5.0;
				TARGETED_DEVICE_FAMILY = "1,2";
			};
			name = Release;
		};
/* End XCBuildConfiguration section */

/* Begin XCConfigurationList section */
		F1C1AF2A298BD8C300F365DF /* Build configuration list for PBXProject "Fazpass" */ = {
			isa = XCConfigurationList;
			buildConfigurations = (
				F1C1AF41298BD8C400F365DF /* Debug */,
				F1C1AF42298BD8C400F365DF /* Release */,
			);
			defaultConfigurationIsVisible = 0;
			defaultConfigurationName = Release;
		};
		F1C1AF5C298BD8DF00F365DF /* Build configuration list for PBXNativeTarget "Fazpass" */ = {
			isa = XCConfigurationList;
			buildConfigurations = (
				F1C1AF5D298BD8DF00F365DF /* Debug */,
				F1C1AF5E298BD8DF00F365DF /* Release */,
			);
			defaultConfigurationIsVisible = 0;
			defaultConfigurationName = Release;
		};
		F1C1AF5F298BD8DF00F365DF /* Build configuration list for PBXNativeTarget "FazpassTests" */ = {
			isa = XCConfigurationList;
			buildConfigurations = (
				F1C1AF60298BD8DF00F365DF /* Debug */,
				F1C1AF61298BD8DF00F365DF /* Release */,
			);
			defaultConfigurationIsVisible = 0;
			defaultConfigurationName = Release;
		};
/* End XCConfigurationList section */

/* Begin XCRemoteSwiftPackageReference section */
		F1E0B10F299B927E0029E743 /* XCRemoteSwiftPackageReference "firebase-ios-sdk" */ = {
			isa = XCRemoteSwiftPackageReference;
			repositoryURL = "https://github.com/firebase/firebase-ios-sdk";
			requirement = {
				branch = master;
				kind = branch;
			};
		};
/* End XCRemoteSwiftPackageReference section */

/* Begin XCSwiftPackageProductDependency section */
		F1E0B110299B927E0029E743 /* FirebaseAnalytics */ = {
			isa = XCSwiftPackageProductDependency;
			package = F1E0B10F299B927E0029E743 /* XCRemoteSwiftPackageReference "firebase-ios-sdk" */;
			productName = FirebaseAnalytics;
		};
		F1E0B112299B927E0029E743 /* FirebaseMessaging */ = {
			isa = XCSwiftPackageProductDependency;
			package = F1E0B10F299B927E0029E743 /* XCRemoteSwiftPackageReference "firebase-ios-sdk" */;
			productName = FirebaseMessaging;
		};
/* End XCSwiftPackageProductDependency section */
	};
	rootObject = F1C1AF27298BD8C300F365DF /* Project object */;
}
